
Microsoft Visual Studio Solution File, Format Version 12.00
# Visual Studio Version 16
VisualStudioVersion = 16.0.30204.135
MinimumVisualStudioVersion = 15.0.26124.0
Project("{FAE04EC0-301F-11D3-BF4B-00C04F79EFBC}") = "Domain", "Domain\Domain.csproj", "{1C51FDFC-0685-4371-83B1-98DBF7A5D76F}"
EndProject
Project("{FAE04EC0-301F-11D3-BF4B-00C04F79EFBC}") = "Application", "Application\Application.csproj", "{65B16C70-C922-405E-88F4-7DE1CF1AD63C}"
EndProject
Project("{FAE04EC0-301F-11D3-BF4B-00C04F79EFBC}") = "Persistence", "Persistence\Persistence.csproj", "{87335F08-EC54-4BAB-AD4E-FAA7A81FF479}"
EndProject
Project("{FAE04EC0-301F-11D3-BF4B-00C04F79EFBC}") = "API", "API\API.csproj", "{B498D6A4-ED27-4260-BDB3-2B18B9B9758B}"
EndProject
Global
	GlobalSection(SolutionConfigurationPlatforms) = preSolution
		Debug|Any CPU = Debug|Any CPU
		Debug|x64 = Debug|x64
		Debug|x86 = Debug|x86
		Release|Any CPU = Release|Any CPU
		Release|x64 = Release|x64
		Release|x86 = Release|x86
	EndGlobalSection
	GlobalSection(ProjectConfigurationPlatforms) = postSolution
		{1C51FDFC-0685-4371-83B1-98DBF7A5D76F}.Debug|Any CPU.ActiveCfg = Debug|Any CPU
		{1C51FDFC-0685-4371-83B1-98DBF7A5D76F}.Debug|Any CPU.Build.0 = Debug|Any CPU
		{1C51FDFC-0685-4371-83B1-98DBF7A5D76F}.Debug|x64.ActiveCfg = Debug|Any CPU
		{1C51FDFC-0685-4371-83B1-98DBF7A5D76F}.Debug|x64.Build.0 = Debug|Any CPU
		{1C51FDFC-0685-4371-83B1-98DBF7A5D76F}.Debug|x86.ActiveCfg = Debug|Any CPU
		{1C51FDFC-0685-4371-83B1-98DBF7A5D76F}.Debug|x86.Build.0 = Debug|Any CPU
		{1C51FDFC-0685-4371-83B1-98DBF7A5D76F}.Release|Any CPU.ActiveCfg = Release|Any CPU
		{1C51FDFC-0685-4371-83B1-98DBF7A5D76F}.Release|Any CPU.Build.0 = Release|Any CPU
		{1C51FDFC-0685-4371-83B1-98DBF7A5D76F}.Release|x64.ActiveCfg = Release|Any CPU
		{1C51FDFC-0685-4371-83B1-98DBF7A5D76F}.Release|x64.Build.0 = Release|Any CPU
		{1C51FDFC-0685-4371-83B1-98DBF7A5D76F}.Release|x86.ActiveCfg = Release|Any CPU
		{1C51FDFC-0685-4371-83B1-98DBF7A5D76F}.Release|x86.Build.0 = Release|Any CPU
		{65B16C70-C922-405E-88F4-7DE1CF1AD63C}.Debug|Any CPU.ActiveCfg = Debug|Any CPU
		{65B16C70-C922-405E-88F4-7DE1CF1AD63C}.Debug|Any CPU.Build.0 = Debug|Any CPU
		{65B16C70-C922-405E-88F4-7DE1CF1AD63C}.Debug|x64.ActiveCfg = Debug|Any CPU
		{65B16C70-C922-405E-88F4-7DE1CF1AD63C}.Debug|x64.Build.0 = Debug|Any CPU
		{65B16C70-C922-405E-88F4-7DE1CF1AD63C}.Debug|x86.ActiveCfg = Debug|Any CPU
		{65B16C70-C922-405E-88F4-7DE1CF1AD63C}.Debug|x86.Build.0 = Debug|Any CPU
		{65B16C70-C922-405E-88F4-7DE1CF1AD63C}.Release|Any CPU.ActiveCfg = Release|Any CPU
		{65B16C70-C922-405E-88F4-7DE1CF1AD63C}.Release|Any CPU.Build.0 = Release|Any CPU
		{65B16C70-C922-405E-88F4-7DE1CF1AD63C}.Release|x64.ActiveCfg = Release|Any CPU
		{65B16C70-C922-405E-88F4-7DE1CF1AD63C}.Release|x64.Build.0 = Release|Any CPU
		{65B16C70-C922-405E-88F4-7DE1CF1AD63C}.Release|x86.ActiveCfg = Release|Any CPU
		{65B16C70-C922-405E-88F4-7DE1CF1AD63C}.Release|x86.Build.0 = Release|Any CPU
		{87335F08-EC54-4BAB-AD4E-FAA7A81FF479}.Debug|Any CPU.ActiveCfg = Debug|Any CPU
		{87335F08-EC54-4BAB-AD4E-FAA7A81FF479}.Debug|Any CPU.Build.0 = Debug|Any CPU
		{87335F08-EC54-4BAB-AD4E-FAA7A81FF479}.Debug|x64.ActiveCfg = Debug|Any CPU
		{87335F08-EC54-4BAB-AD4E-FAA7A81FF479}.Debug|x64.Build.0 = Debug|Any CPU
		{87335F08-EC54-4BAB-AD4E-FAA7A81FF479}.Debug|x86.ActiveCfg = Debug|Any CPU
		{87335F08-EC54-4BAB-AD4E-FAA7A81FF479}.Debug|x86.Build.0 = Debug|Any CPU
		{87335F08-EC54-4BAB-AD4E-FAA7A81FF479}.Release|Any CPU.ActiveCfg = Release|Any CPU
		{87335F08-EC54-4BAB-AD4E-FAA7A81FF479}.Release|Any CPU.Build.0 = Release|Any CPU
		{87335F08-EC54-4BAB-AD4E-FAA7A81FF479}.Release|x64.ActiveCfg = Release|Any CPU
		{87335F08-EC54-4BAB-AD4E-FAA7A81FF479}.Release|x64.Build.0 = Release|Any CPU
		{87335F08-EC54-4BAB-AD4E-FAA7A81FF479}.Release|x86.ActiveCfg = Release|Any CPU
		{87335F08-EC54-4BAB-AD4E-FAA7A81FF479}.Release|x86.Build.0 = Release|Any CPU
		{B498D6A4-ED27-4260-BDB3-2B18B9B9758B}.Debug|Any CPU.ActiveCfg = Debug|Any CPU
		{B498D6A4-ED27-4260-BDB3-2B18B9B9758B}.Debug|Any CPU.Build.0 = Debug|Any CPU
		{B498D6A4-ED27-4260-BDB3-2B18B9B9758B}.Debug|x64.ActiveCfg = Debug|Any CPU
		{B498D6A4-ED27-4260-BDB3-2B18B9B9758B}.Debug|x64.Build.0 = Debug|Any CPU
		{B498D6A4-ED27-4260-BDB3-2B18B9B9758B}.Debug|x86.ActiveCfg = Debug|Any CPU
		{B498D6A4-ED27-4260-BDB3-2B18B9B9758B}.Debug|x86.Build.0 = Debug|Any CPU
		{B498D6A4-ED27-4260-BDB3-2B18B9B9758B}.Release|Any CPU.ActiveCfg = Release|Any CPU
		{B498D6A4-ED27-4260-BDB3-2B18B9B9758B}.Release|Any CPU.Build.0 = Release|Any CPU
		{B498D6A4-ED27-4260-BDB3-2B18B9B9758B}.Release|x64.ActiveCfg = Release|Any CPU
		{B498D6A4-ED27-4260-BDB3-2B18B9B9758B}.Release|x64.Build.0 = Release|Any CPU
		{B498D6A4-ED27-4260-BDB3-2B18B9B9758B}.Release|x86.ActiveCfg = Release|Any CPU
		{B498D6A4-ED27-4260-BDB3-2B18B9B9758B}.Release|x86.Build.0 = Release|Any CPU
	EndGlobalSection
	GlobalSection(SolutionProperties) = preSolution
		HideSolutionNode = FALSE
	EndGlobalSection
	GlobalSection(ExtensibilityGlobals) = postSolution
		SolutionGuid = {6767259D-82AA-4B6F-8056-F676E2661A2F}
	EndGlobalSection
EndGlobal
